<?xml version="1.0" encoding="utf-8"?>
<Project ToolsVersion="15.0" xmlns="http://schemas.microsoft.com/developer/msbuild/2003">
  <ItemGroup>
    <ClCompile Include="C:\Users\Jonathan\Documents\Visual Studio 2017\Projects\tmpexjobb\masterdemo\mjenvironment\mjenvironment.cpp">
      <Filter>Source Files</Filter>
    </ClCompile>
    <ClCompile Include="MujocoWrapper.cpp">
      <Filter>Source Files</Filter>
    </ClCompile>
  </ItemGroup>
  <ItemGroup>
    <CustomBuild Include="C:\Users\Jonathan\Documents\Visual Studio 2017\Projects\tmpexjobb\masterdemo\mjenvironment\CMakeLists.txt" />
  </ItemGroup>
  <ItemGroup>
    <Filter Include="Source Files">
      <UniqueIdentifier>{F53B53F7-4996-3B2D-BE71-AAA1AC7F0588}</UniqueIdentifier>
    </Filter>
  </ItemGroup>
  <ItemGroup>
    <ClInclude Include="glfwWrapper.h">
      <Filter>Source Files</Filter>
    </ClInclude>
    <ClInclude Include="MujocoWrapper.h">
      <Filter>Source Files</Filter>
    </ClInclude>
  </ItemGroup>
</Project>