<?xml version="1.0" encoding="utf-8"?>
<Project ToolsVersion="4.0" xmlns="http://schemas.microsoft.com/developer/msbuild/2003">
  <ItemGroup>
    <Filter Include="Source Files">
      <UniqueIdentifier>{4FC737F1-C7A5-4376-A066-2A32D752A2FF}</UniqueIdentifier>
      <Extensions>cpp;c;cc;cxx;def;odl;idl;hpj;bat;asm;asmx</Extensions>
    </Filter>
    <Filter Include="Header Files">
      <UniqueIdentifier>{93995380-89BD-4b04-88EB-625FBE52EBFB}</UniqueIdentifier>
      <Extensions>h;hh;hpp;hxx;hm;inl;inc;xsd</Extensions>
    </Filter>
    <Filter Include="Resource Files">
      <UniqueIdentifier>{67DA6AB6-F800-4c08-8B7A-83BB121AAD01}</UniqueIdentifier>
      <Extensions>rc;ico;cur;bmp;dlg;rc2;rct;bin;rgs;gif;jpg;jpeg;jpe;resx;tiff;tif;png;wav;mfcribbon-ms</Extensions>
    </Filter>
    <Filter Include="Header Files\Exceptions">
      <UniqueIdentifier>{291c3283-3949-4557-a05f-5556dfd513c5}</UniqueIdentifier>
    </Filter>
    <Filter Include="Header Files\Neural Nets">
      <UniqueIdentifier>{3986fe74-5aca-49b3-b963-eca81908daaf}</UniqueIdentifier>
    </Filter>
    <Filter Include="Header Files\Utilities">
      <UniqueIdentifier>{a2f20be3-cec5-49f8-9bad-c03598194cde}</UniqueIdentifier>
    </Filter>
    <Filter Include="Header Files\Structures">
      <UniqueIdentifier>{eafabc62-867d-4089-b3c6-f272a7dcd5b5}</UniqueIdentifier>
    </Filter>
  </ItemGroup>
  <ItemGroup>
    <Text Include="ReadMe.txt" />
  </ItemGroup>
  <ItemGroup>
    <ClInclude Include="stdafx.h">
      <Filter>Resource Files</Filter>
    </ClInclude>
    <ClInclude Include="targetver.h">
      <Filter>Resource Files</Filter>
    </ClInclude>
    <ClInclude Include="Stopwatch.h">
      <Filter>Header Files\Utilities</Filter>
    </ClInclude>
    <ClInclude Include="ConvolutionalNeuralNet.h">
      <Filter>Header Files\Neural Nets</Filter>
    </ClInclude>
    <ClInclude Include="NeuralNet.h">
      <Filter>Header Files\Neural Nets</Filter>
    </ClInclude>
    <ClInclude Include="Dataset.h">
      <Filter>Header Files\Structures</Filter>
    </ClInclude>
    <ClInclude Include="FeedForwardNeuralNet.h">
      <Filter>Header Files\Neural Nets</Filter>
    </ClInclude>
    <ClInclude Include="ContinousTimeRecurrentNeuralNet.h">
      <Filter>Header Files\Neural Nets</Filter>
    </ClInclude>
    <ClInclude Include="RecurrentNeuralNet.h">
      <Filter>Header Files\Neural Nets</Filter>
    </ClInclude>
  </ItemGroup>
  <ItemGroup>
    <ClCompile Include="stdafx.cpp">
      <Filter>Resource Files</Filter>
    </ClCompile>
  </ItemGroup>
</Project>